// !$*UTF8*$!
{
	archiveVersion = 1;
	classes = {
	};
	objectVersion = 46;
	objects = {

/* Begin PBXBuildFile section */
		CC6C69AF1DCC1BAF0040A703 /* AppDelegate.m in Sources */ = {isa = PBXBuildFile; fileRef = CC6C699E1DCC1BAF0040A703 /* AppDelegate.m */; };
		CC6C69B11DCC1BAF0040A703 /* Assets.xcassets in Resources */ = {isa = PBXBuildFile; fileRef = CC6C69A81DCC1BAF0040A703 /* Assets.xcassets */; };
		CC6C69B21DCC1BAF0040A703 /* LaunchScreen.storyboard in Resources */ = {isa = PBXBuildFile; fileRef = CC6C69A91DCC1BAF0040A703 /* LaunchScreen.storyboard */; };
		CC6C69B31DCC1BAF0040A703 /* Main.storyboard in Resources */ = {isa = PBXBuildFile; fileRef = CC6C69AB1DCC1BAF0040A703 /* Main.storyboard */; };
		CC6C69B51DCC1BAF0040A703 /* main.m in Sources */ = {isa = PBXBuildFile; fileRef = CC6C69AE1DCC1BAF0040A703 /* main.m */; };
		CC6C69B81DCC20160040A703 /* Home.storyboard in Resources */ = {isa = PBXBuildFile; fileRef = CC6C69B61DCC20160040A703 /* Home.storyboard */; };
		CC6C69BB1DCC20550040A703 /* Live.storyboard in Resources */ = {isa = PBXBuildFile; fileRef = CC6C69B91DCC20550040A703 /* Live.storyboard */; };
		CC6C69C31DCC21BB0040A703 /* Profile.storyboard in Resources */ = {isa = PBXBuildFile; fileRef = CC6C69C11DCC21BB0040A703 /* Profile.storyboard */; };
		CC6C69C91DCC227E0040A703 /* Follow.storyboard in Resources */ = {isa = PBXBuildFile; fileRef = CC6C69C71DCC227E0040A703 /* Follow.storyboard */; };
		CC6C69E71DCC23A40040A703 /* CJMainViewController.m in Sources */ = {isa = PBXBuildFile; fileRef = CC6C69E61DCC23A40040A703 /* CJMainViewController.m */; };
		CC6C69EE1DCC2A870040A703 /* CJHomeViewController.m in Sources */ = {isa = PBXBuildFile; fileRef = CC6C69ED1DCC2A870040A703 /* CJHomeViewController.m */; };
		CC6C69F21DCC2FBA0040A703 /* UIBarButtonItem+CJ.m in Sources */ = {isa = PBXBuildFile; fileRef = CC6C69F11DCC2FBA0040A703 /* UIBarButtonItem+CJ.m */; };
		CC6C69F51DCC2FFD0040A703 /* UIImage+CJ.m in Sources */ = {isa = PBXBuildFile; fileRef = CC6C69F41DCC2FFD0040A703 /* UIImage+CJ.m */; };
		CC6C69F81DCC38520040A703 /* CJPageTitleView.m in Sources */ = {isa = PBXBuildFile; fileRef = CC6C69F71DCC38520040A703 /* CJPageTitleView.m */; };
		CC6C69FB1DCC63070040A703 /* CJPageContentView.m in Sources */ = {isa = PBXBuildFile; fileRef = CC6C69FA1DCC63070040A703 /* CJPageContentView.m */; };
/* End PBXBuildFile section */

/* Begin PBXFileReference section */
		CC6C69811DCC19320040A703 /* CJ-DouYuZhiBo.app */ = {isa = PBXFileReference; explicitFileType = wrapper.application; includeInIndex = 0; path = "CJ-DouYuZhiBo.app"; sourceTree = BUILT_PRODUCTS_DIR; };
		CC6C699D1DCC1BAF0040A703 /* AppDelegate.h */ = {isa = PBXFileReference; fileEncoding = 4; lastKnownFileType = sourcecode.c.h; path = AppDelegate.h; sourceTree = "<group>"; };
		CC6C699E1DCC1BAF0040A703 /* AppDelegate.m */ = {isa = PBXFileReference; fileEncoding = 4; lastKnownFileType = sourcecode.c.objc; path = AppDelegate.m; sourceTree = "<group>"; };
		CC6C69A81DCC1BAF0040A703 /* Assets.xcassets */ = {isa = PBXFileReference; lastKnownFileType = folder.assetcatalog; path = Assets.xcassets; sourceTree = "<group>"; };
		CC6C69AA1DCC1BAF0040A703 /* Base */ = {isa = PBXFileReference; lastKnownFileType = file.storyboard; name = Base; path = Base.lproj/LaunchScreen.storyboard; sourceTree = "<group>"; };
		CC6C69AC1DCC1BAF0040A703 /* Base */ = {isa = PBXFileReference; lastKnownFileType = file.storyboard; name = Base; path = Base.lproj/Main.storyboard; sourceTree = "<group>"; };
		CC6C69AE1DCC1BAF0040A703 /* main.m */ = {isa = PBXFileReference; fileEncoding = 4; lastKnownFileType = sourcecode.c.objc; path = main.m; sourceTree = "<group>"; };
		CC6C69B71DCC20160040A703 /* Base */ = {isa = PBXFileReference; lastKnownFileType = file.storyboard; name = Base; path = Base.lproj/Home.storyboard; sourceTree = "<group>"; };
		CC6C69BA1DCC20550040A703 /* Base */ = {isa = PBXFileReference; lastKnownFileType = file.storyboard; name = Base; path = Base.lproj/Live.storyboard; sourceTree = "<group>"; };
		CC6C69C21DCC21BB0040A703 /* Base */ = {isa = PBXFileReference; lastKnownFileType = file.storyboard; name = Base; path = Base.lproj/Profile.storyboard; sourceTree = "<group>"; };
		CC6C69C81DCC227E0040A703 /* Base */ = {isa = PBXFileReference; lastKnownFileType = file.storyboard; name = Base; path = Base.lproj/Follow.storyboard; sourceTree = "<group>"; };
		CC6C69E51DCC23A40040A703 /* CJMainViewController.h */ = {isa = PBXFileReference; fileEncoding = 4; lastKnownFileType = sourcecode.c.h; path = CJMainViewController.h; sourceTree = "<group>"; };
		CC6C69E61DCC23A40040A703 /* CJMainViewController.m */ = {isa = PBXFileReference; fileEncoding = 4; lastKnownFileType = sourcecode.c.objc; path = CJMainViewController.m; sourceTree = "<group>"; };
		CC6C69E81DCC24870040A703 /* PrefixHeader.pch */ = {isa = PBXFileReference; lastKnownFileType = sourcecode.c.h; path = PrefixHeader.pch; sourceTree = "<group>"; };
		CC6C69E91DCC24AA0040A703 /* CJCommon.h */ = {isa = PBXFileReference; lastKnownFileType = sourcecode.c.h; path = CJCommon.h; sourceTree = "<group>"; };
		CC6C69EA1DCC28BA0040A703 /* Info.plist */ = {isa = PBXFileReference; fileEncoding = 4; lastKnownFileType = text.plist.xml; path = Info.plist; sourceTree = "<group>"; };
		CC6C69EC1DCC2A870040A703 /* CJHomeViewController.h */ = {isa = PBXFileReference; fileEncoding = 4; lastKnownFileType = sourcecode.c.h; path = CJHomeViewController.h; sourceTree = "<group>"; };
		CC6C69ED1DCC2A870040A703 /* CJHomeViewController.m */ = {isa = PBXFileReference; fileEncoding = 4; lastKnownFileType = sourcecode.c.objc; path = CJHomeViewController.m; sourceTree = "<group>"; };
		CC6C69F01DCC2FBA0040A703 /* UIBarButtonItem+CJ.h */ = {isa = PBXFileReference; fileEncoding = 4; lastKnownFileType = sourcecode.c.h; path = "UIBarButtonItem+CJ.h"; sourceTree = "<group>"; };
		CC6C69F11DCC2FBA0040A703 /* UIBarButtonItem+CJ.m */ = {isa = PBXFileReference; fileEncoding = 4; lastKnownFileType = sourcecode.c.objc; path = "UIBarButtonItem+CJ.m"; sourceTree = "<group>"; };
		CC6C69F31DCC2FFD0040A703 /* UIImage+CJ.h */ = {isa = PBXFileReference; fileEncoding = 4; lastKnownFileType = sourcecode.c.h; path = "UIImage+CJ.h"; sourceTree = "<group>"; };
		CC6C69F41DCC2FFD0040A703 /* UIImage+CJ.m */ = {isa = PBXFileReference; fileEncoding = 4; lastKnownFileType = sourcecode.c.objc; path = "UIImage+CJ.m"; sourceTree = "<group>"; };
		CC6C69F61DCC38520040A703 /* CJPageTitleView.h */ = {isa = PBXFileReference; fileEncoding = 4; lastKnownFileType = sourcecode.c.h; path = CJPageTitleView.h; sourceTree = "<group>"; };
		CC6C69F71DCC38520040A703 /* CJPageTitleView.m */ = {isa = PBXFileReference; fileEncoding = 4; lastKnownFileType = sourcecode.c.objc; path = CJPageTitleView.m; sourceTree = "<group>"; };
		CC6C69F91DCC63070040A703 /* CJPageContentView.h */ = {isa = PBXFileReference; fileEncoding = 4; lastKnownFileType = sourcecode.c.h; path = CJPageContentView.h; sourceTree = "<group>"; };
		CC6C69FA1DCC63070040A703 /* CJPageContentView.m */ = {isa = PBXFileReference; fileEncoding = 4; lastKnownFileType = sourcecode.c.objc; path = CJPageContentView.m; sourceTree = "<group>"; };
/* End PBXFileReference section */

/* Begin PBXFrameworksBuildPhase section */
		CC6C697E1DCC19320040A703 /* Frameworks */ = {
			isa = PBXFrameworksBuildPhase;
			buildActionMask = 2147483647;
			files = (
			);
			runOnlyForDeploymentPostprocessing = 0;
		};
/* End PBXFrameworksBuildPhase section */

/* Begin PBXGroup section */
		CC6C69781DCC19320040A703 = {
			isa = PBXGroup;
			children = (
				CC6C699B1DCC1BAF0040A703 /* CJ-DouYuZhiBo */,
				CC6C69821DCC19320040A703 /* Products */,
			);
			sourceTree = "<group>";
		};
		CC6C69821DCC19320040A703 /* Products */ = {
			isa = PBXGroup;
			children = (
				CC6C69811DCC19320040A703 /* CJ-DouYuZhiBo.app */,
			);
			name = Products;
			sourceTree = "<group>";
		};
		CC6C699B1DCC1BAF0040A703 /* CJ-DouYuZhiBo */ = {
			isa = PBXGroup;
			children = (
				CC6C699C1DCC1BAF0040A703 /* Classes */,
				CC6C69A71DCC1BAF0040A703 /* Supporting Files */,
			);
			path = "CJ-DouYuZhiBo";
			sourceTree = "<group>";
		};
		CC6C699C1DCC1BAF0040A703 /* Classes */ = {
			isa = PBXGroup;
			children = (
				CC6C699D1DCC1BAF0040A703 /* AppDelegate.h */,
				CC6C699E1DCC1BAF0040A703 /* AppDelegate.m */,
				CC6C69CA1DCC23210040A703 /* Main */,
				CC6C69D21DCC23410040A703 /* Home */,
				CC6C69D61DCC23410040A703 /* Live */,
				CC6C69CE1DCC23410040A703 /* Follow */,
				CC6C69DA1DCC23410040A703 /* Profile */,
				CC6C69DE1DCC23410040A703 /* Tools */,
			);
			path = Classes;
			sourceTree = "<group>";
		};
		CC6C69A71DCC1BAF0040A703 /* Supporting Files */ = {
			isa = PBXGroup;
			children = (
				CC6C69A81DCC1BAF0040A703 /* Assets.xcassets */,
				CC6C69A91DCC1BAF0040A703 /* LaunchScreen.storyboard */,
				CC6C69AB1DCC1BAF0040A703 /* Main.storyboard */,
				CC6C69B61DCC20160040A703 /* Home.storyboard */,
				CC6C69B91DCC20550040A703 /* Live.storyboard */,
				CC6C69C71DCC227E0040A703 /* Follow.storyboard */,
				CC6C69C11DCC21BB0040A703 /* Profile.storyboard */,
				CC6C69AE1DCC1BAF0040A703 /* main.m */,
				CC6C69EA1DCC28BA0040A703 /* Info.plist */,
				CC6C69E81DCC24870040A703 /* PrefixHeader.pch */,
				CC6C69E91DCC24AA0040A703 /* CJCommon.h */,
			);
			path = "Supporting Files";
			sourceTree = "<group>";
		};
		CC6C69CA1DCC23210040A703 /* Main */ = {
			isa = PBXGroup;
			children = (
				CC6C69CC1DCC23210040A703 /* Model */,
				CC6C69CD1DCC23210040A703 /* View */,
				CC6C69CB1DCC23210040A703 /* Controller */,
			);
			path = Main;
			sourceTree = "<group>";
		};
		CC6C69CB1DCC23210040A703 /* Controller */ = {
			isa = PBXGroup;
			children = (
				CC6C69E51DCC23A40040A703 /* CJMainViewController.h */,
				CC6C69E61DCC23A40040A703 /* CJMainViewController.m */,
			);
			path = Controller;
			sourceTree = "<group>";
		};
		CC6C69CC1DCC23210040A703 /* Model */ = {
			isa = PBXGroup;
			children = (
			);
			path = Model;
			sourceTree = "<group>";
		};
		CC6C69CD1DCC23210040A703 /* View */ = {
			isa = PBXGroup;
			children = (
				CC6C69F61DCC38520040A703 /* CJPageTitleView.h */,
				CC6C69F71DCC38520040A703 /* CJPageTitleView.m */,
				CC6C69F91DCC63070040A703 /* CJPageContentView.h */,
				CC6C69FA1DCC63070040A703 /* CJPageContentView.m */,
			);
			path = View;
			sourceTree = "<group>";
		};
		CC6C69CE1DCC23410040A703 /* Follow */ = {
			isa = PBXGroup;
			children = (
				CC6C69CF1DCC23410040A703 /* Controller */,
				CC6C69D01DCC23410040A703 /* Model */,
				CC6C69D11DCC23410040A703 /* View */,
			);
			path = Follow;
			sourceTree = "<group>";
		};
		CC6C69CF1DCC23410040A703 /* Controller */ = {
			isa = PBXGroup;
			children = (
			);
			path = Controller;
			sourceTree = "<group>";
		};
		CC6C69D01DCC23410040A703 /* Model */ = {
			isa = PBXGroup;
			children = (
			);
			path = Model;
			sourceTree = "<group>";
		};
		CC6C69D11DCC23410040A703 /* View */ = {
			isa = PBXGroup;
			children = (
			);
			path = View;
			sourceTree = "<group>";
		};
		CC6C69D21DCC23410040A703 /* Home */ = {
			isa = PBXGroup;
			children = (
				CC6C69D41DCC23410040A703 /* Model */,
				CC6C69D51DCC23410040A703 /* View */,
				CC6C69D31DCC23410040A703 /* Controller */,
			);
			path = Home;
			sourceTree = "<group>";
		};
		CC6C69D31DCC23410040A703 /* Controller */ = {
			isa = PBXGroup;
			children = (
				CC6C69EC1DCC2A870040A703 /* CJHomeViewController.h */,
				CC6C69ED1DCC2A870040A703 /* CJHomeViewController.m */,
			);
			path = Controller;
			sourceTree = "<group>";
		};
		CC6C69D41DCC23410040A703 /* Model */ = {
			isa = PBXGroup;
			children = (
			);
			path = Model;
			sourceTree = "<group>";
		};
		CC6C69D51DCC23410040A703 /* View */ = {
			isa = PBXGroup;
			children = (
			);
			path = View;
			sourceTree = "<group>";
		};
		CC6C69D61DCC23410040A703 /* Live */ = {
			isa = PBXGroup;
			children = (
				CC6C69D71DCC23410040A703 /* Controller */,
				CC6C69D81DCC23410040A703 /* Model */,
				CC6C69D91DCC23410040A703 /* View */,
			);
			path = Live;
			sourceTree = "<group>";
		};
		CC6C69D71DCC23410040A703 /* Controller */ = {
			isa = PBXGroup;
			children = (
			);
			path = Controller;
			sourceTree = "<group>";
		};
		CC6C69D81DCC23410040A703 /* Model */ = {
			isa = PBXGroup;
			children = (
			);
			path = Model;
			sourceTree = "<group>";
		};
		CC6C69D91DCC23410040A703 /* View */ = {
			isa = PBXGroup;
			children = (
			);
			path = View;
			sourceTree = "<group>";
		};
		CC6C69DA1DCC23410040A703 /* Profile */ = {
			isa = PBXGroup;
			children = (
				CC6C69DB1DCC23410040A703 /* Controller */,
				CC6C69DC1DCC23410040A703 /* Model */,
				CC6C69DD1DCC23410040A703 /* View */,
			);
			path = Profile;
			sourceTree = "<group>";
		};
		CC6C69DB1DCC23410040A703 /* Controller */ = {
			isa = PBXGroup;
			children = (
			);
			path = Controller;
			sourceTree = "<group>";
		};
		CC6C69DC1DCC23410040A703 /* Model */ = {
			isa = PBXGroup;
			children = (
			);
			path = Model;
			sourceTree = "<group>";
		};
		CC6C69DD1DCC23410040A703 /* View */ = {
			isa = PBXGroup;
			children = (
			);
			path = View;
			sourceTree = "<group>";
		};
		CC6C69DE1DCC23410040A703 /* Tools */ = {
			isa = PBXGroup;
			children = (
				CC6C69EF1DCC2F740040A703 /* Category */,
			);
			path = Tools;
			sourceTree = "<group>";
		};
		CC6C69EF1DCC2F740040A703 /* Category */ = {
			isa = PBXGroup;
			children = (
				CC6C69F01DCC2FBA0040A703 /* UIBarButtonItem+CJ.h */,
				CC6C69F11DCC2FBA0040A703 /* UIBarButtonItem+CJ.m */,
				CC6C69F31DCC2FFD0040A703 /* UIImage+CJ.h */,
				CC6C69F41DCC2FFD0040A703 /* UIImage+CJ.m */,
			);
			path = Category;
			sourceTree = "<group>";
		};
/* End PBXGroup section */

/* Begin PBXNativeTarget section */
		CC6C69801DCC19320040A703 /* CJ-DouYuZhiBo */ = {
			isa = PBXNativeTarget;
			buildConfigurationList = CC6C69981DCC19330040A703 /* Build configuration list for PBXNativeTarget "CJ-DouYuZhiBo" */;
			buildPhases = (
				CC6C697D1DCC19320040A703 /* Sources */,
				CC6C697E1DCC19320040A703 /* Frameworks */,
				CC6C697F1DCC19320040A703 /* Resources */,
			);
			buildRules = (
			);
			dependencies = (
			);
			name = "CJ-DouYuZhiBo";
			productName = "CJ-DouYuZhiBo";
			productReference = CC6C69811DCC19320040A703 /* CJ-DouYuZhiBo.app */;
			productType = "com.apple.product-type.application";
		};
/* End PBXNativeTarget section */

/* Begin PBXProject section */
		CC6C69791DCC19320040A703 /* Project object */ = {
			isa = PBXProject;
			attributes = {
				CLASSPREFIX = CJ;
				LastUpgradeCheck = 0730;
				ORGANIZATIONNAME = ChenJun;
				TargetAttributes = {
					CC6C69801DCC19320040A703 = {
						CreatedOnToolsVersion = 7.3.1;
					};
				};
			};
			buildConfigurationList = CC6C697C1DCC19320040A703 /* Build configuration list for PBXProject "CJ-DouYuZhiBo" */;
			compatibilityVersion = "Xcode 3.2";
			developmentRegion = English;
			hasScannedForEncodings = 0;
			knownRegions = (
				en,
				Base,
			);
			mainGroup = CC6C69781DCC19320040A703;
			productRefGroup = CC6C69821DCC19320040A703 /* Products */;
			projectDirPath = "";
			projectRoot = "";
			targets = (
				CC6C69801DCC19320040A703 /* CJ-DouYuZhiBo */,
			);
		};
/* End PBXProject section */

/* Begin PBXResourcesBuildPhase section */
		CC6C697F1DCC19320040A703 /* Resources */ = {
			isa = PBXResourcesBuildPhase;
			buildActionMask = 2147483647;
			files = (
				CC6C69B81DCC20160040A703 /* Home.storyboard in Resources */,
				CC6C69C31DCC21BB0040A703 /* Profile.storyboard in Resources */,
				CC6C69C91DCC227E0040A703 /* Follow.storyboard in Resources */,
				CC6C69BB1DCC20550040A703 /* Live.storyboard in Resources */,
				CC6C69B31DCC1BAF0040A703 /* Main.storyboard in Resources */,
				CC6C69B11DCC1BAF0040A703 /* Assets.xcassets in Resources */,
				CC6C69B21DCC1BAF0040A703 /* LaunchScreen.storyboard in Resources */,
			);
			runOnlyForDeploymentPostprocessing = 0;
		};
/* End PBXResourcesBuildPhase section */

/* Begin PBXSourcesBuildPhase section */
		CC6C697D1DCC19320040A703 /* Sources */ = {
			isa = PBXSourcesBuildPhase;
			buildActionMask = 2147483647;
			files = (
				CC6C69F81DCC38520040A703 /* CJPageTitleView.m in Sources */,
				CC6C69F51DCC2FFD0040A703 /* UIImage+CJ.m in Sources */,
				CC6C69F21DCC2FBA0040A703 /* UIBarButtonItem+CJ.m in Sources */,
				CC6C69B51DCC1BAF0040A703 /* main.m in Sources */,
				CC6C69E71DCC23A40040A703 /* CJMainViewController.m in Sources */,
				CC6C69EE1DCC2A870040A703 /* CJHomeViewController.m in Sources */,
				CC6C69FB1DCC63070040A703 /* CJPageContentView.m in Sources */,
				CC6C69AF1DCC1BAF0040A703 /* AppDelegate.m in Sources */,
			);
			runOnlyForDeploymentPostprocessing = 0;
		};
/* End PBXSourcesBuildPhase section */

/* Begin PBXVariantGroup section */
		CC6C69A91DCC1BAF0040A703 /* LaunchScreen.storyboard */ = {
			isa = PBXVariantGroup;
			children = (
				CC6C69AA1DCC1BAF0040A703 /* Base */,
			);
			name = LaunchScreen.storyboard;
			sourceTree = "<group>";
		};
		CC6C69AB1DCC1BAF0040A703 /* Main.storyboard */ = {
			isa = PBXVariantGroup;
			children = (
				CC6C69AC1DCC1BAF0040A703 /* Base */,
			);
			name = Main.storyboard;
			sourceTree = "<group>";
		};
		CC6C69B61DCC20160040A703 /* Home.storyboard */ = {
			isa = PBXVariantGroup;
			children = (
				CC6C69B71DCC20160040A703 /* Base */,
			);
			name = Home.storyboard;
			sourceTree = "<group>";
		};
		CC6C69B91DCC20550040A703 /* Live.storyboard */ = {
			isa = PBXVariantGroup;
			children = (
				CC6C69BA1DCC20550040A703 /* Base */,
			);
			name = Live.storyboard;
			sourceTree = "<group>";
		};
		CC6C69C11DCC21BB0040A703 /* Profile.storyboard */ = {
			isa = PBXVariantGroup;
			children = (
				CC6C69C21DCC21BB0040A703 /* Base */,
			);
			name = Profile.storyboard;
			sourceTree = "<group>";
		};
		CC6C69C71DCC227E0040A703 /* Follow.storyboard */ = {
			isa = PBXVariantGroup;
			children = (
				CC6C69C81DCC227E0040A703 /* Base */,
			);
			name = Follow.storyboard;
			sourceTree = "<group>";
		};
/* End PBXVariantGroup section */

/* Begin XCBuildConfiguration section */
		CC6C69961DCC19330040A703 /* Debug */ = {
			isa = XCBuildConfiguration;
			buildSettings = {
				ALWAYS_SEARCH_USER_PATHS = NO;
				CLANG_ANALYZER_NONNULL = YES;
				CLANG_CXX_LANGUAGE_STANDARD = "gnu++0x";
				CLANG_CXX_LIBRARY = "libc++";
				CLANG_ENABLE_MODULES = YES;
				CLANG_ENABLE_OBJC_ARC = YES;
				CLANG_WARN_BOOL_CONVERSION = YES;
				CLANG_WARN_CONSTANT_CONVERSION = YES;
				CLANG_WARN_DIRECT_OBJC_ISA_USAGE = YES_ERROR;
				CLANG_WARN_EMPTY_BODY = YES;
				CLANG_WARN_ENUM_CONVERSION = YES;
				CLANG_WARN_INT_CONVERSION = YES;
				CLANG_WARN_OBJC_ROOT_CLASS = YES_ERROR;
				CLANG_WARN_UNREACHABLE_CODE = YES;
				CLANG_WARN__DUPLICATE_METHOD_MATCH = YES;
				"CODE_SIGN_IDENTITY[sdk=iphoneos*]" = "iPhone Developer";
				COPY_PHASE_STRIP = NO;
				DEBUG_INFORMATION_FORMAT = dwarf;
				ENABLE_STRICT_OBJC_MSGSEND = YES;
				ENABLE_TESTABILITY = YES;
				GCC_C_LANGUAGE_STANDARD = gnu99;
				GCC_DYNAMIC_NO_PIC = NO;
				GCC_NO_COMMON_BLOCKS = YES;
				GCC_OPTIMIZATION_LEVEL = 0;
				GCC_PREPROCESSOR_DEFINITIONS = (
					"DEBUG=1",
					"$(inherited)",
				);
				GCC_WARN_64_TO_32_BIT_CONVERSION = YES;
				GCC_WARN_ABOUT_RETURN_TYPE = YES_ERROR;
				GCC_WARN_UNDECLARED_SELECTOR = YES;
				GCC_WARN_UNINITIALIZED_AUTOS = YES_AGGRESSIVE;
				GCC_WARN_UNUSED_FUNCTION = YES;
				GCC_WARN_UNUSED_VARIABLE = YES;
				IPHONEOS_DEPLOYMENT_TARGET = 9.3;
				MTL_ENABLE_DEBUG_INFO = YES;
				ONLY_ACTIVE_ARCH = YES;
				SDKROOT = iphoneos;
			};
			name = Debug;
		};
		CC6C69971DCC19330040A703 /* Release */ = {
			isa = XCBuildConfiguration;
			buildSettings = {
				ALWAYS_SEARCH_USER_PATHS = NO;
				CLANG_ANALYZER_NONNULL = YES;
				CLANG_CXX_LANGUAGE_STANDARD = "gnu++0x";
				CLANG_CXX_LIBRARY = "libc++";
				CLANG_ENABLE_MODULES = YES;
				CLANG_ENABLE_OBJC_ARC = YES;
				CLANG_WARN_BOOL_CONVERSION = YES;
				CLANG_WARN_CONSTANT_CONVERSION = YES;
				CLANG_WARN_DIRECT_OBJC_ISA_USAGE = YES_ERROR;
				CLANG_WARN_EMPTY_BODY = YES;
				CLANG_WARN_ENUM_CONVERSION = YES;
				CLANG_WARN_INT_CONVERSION = YES;
				CLANG_WARN_OBJC_ROOT_CLASS = YES_ERROR;
				CLANG_WARN_UNREACHABLE_CODE = YES;
				CLANG_WARN__DUPLICATE_METHOD_MATCH = YES;
				"CODE_SIGN_IDENTITY[sdk=iphoneos*]" = "iPhone Developer";
				COPY_PHASE_STRIP = NO;
				DEBUG_INFORMATION_FORMAT = "dwarf-with-dsym";
				ENABLE_NS_ASSERTIONS = NO;
				ENABLE_STRICT_OBJC_MSGSEND = YES;
				GCC_C_LANGUAGE_STANDARD = gnu99;
				GCC_NO_COMMON_BLOCKS = YES;
				GCC_WARN_64_TO_32_BIT_CONVERSION = YES;
				GCC_WARN_ABOUT_RETURN_TYPE = YES_ERROR;
				GCC_WARN_UNDECLARED_SELECTOR = YES;
				GCC_WARN_UNINITIALIZED_AUTOS = YES_AGGRESSIVE;
				GCC_WARN_UNUSED_FUNCTION = YES;
				GCC_WARN_UNUSED_VARIABLE = YES;
				IPHONEOS_DEPLOYMENT_TARGET = 9.3;
				MTL_ENABLE_DEBUG_INFO = NO;
				SDKROOT = iphoneos;
				VALIDATE_PRODUCT = YES;
			};
			name = Release;
		};
		CC6C69991DCC19330040A703 /* Debug */ = {
			isa = XCBuildConfiguration;
			buildSettings = {
				ASSETCATALOG_COMPILER_APPICON_NAME = AppIcon;
				ASSETCATALOG_COMPILER_LAUNCHIMAGE_NAME = "Brand Assets";
				GCC_PREFIX_HEADER = "/Users/apple/Desktop/CJ-DouYuZhiBo/CJ-DouYuZhiBo/CJ-DouYuZhiBo/Supporting Files/PrefixHeader.pch";
				INFOPLIST_FILE = "$(SRCROOT)/CJ-DouYuZhiBo/Supporting Files/Info.plist";
				IPHONEOS_DEPLOYMENT_TARGET = 9.0;
				LD_RUNPATH_SEARCH_PATHS = "$(inherited) @executable_path/Frameworks";
				PRODUCT_BUNDLE_IDENTIFIER = "cn.ChenJun.CJ-DouYuZhiBo";
				PRODUCT_NAME = "$(TARGET_NAME)";
			};
			name = Debug;
		};
		CC6C699A1DCC19330040A703 /* Release */ = {
			isa = XCBuildConfiguration;
			buildSettings = {
				ASSETCATALOG_COMPILER_APPICON_NAME = AppIcon;
				ASSETCATALOG_COMPILER_LAUNCHIMAGE_NAME = "Brand Assets";
				GCC_PREFIX_HEADER = "/Users/apple/Desktop/CJ-DouYuZhiBo/CJ-DouYuZhiBo/CJ-DouYuZhiBo/Supporting Files/PrefixHeader.pch";
				INFOPLIST_FILE = "$(SRCROOT)/CJ-DouYuZhiBo/Supporting Files/Info.plist";
				IPHONEOS_DEPLOYMENT_TARGET = 9.0;
				LD_RUNPATH_SEARCH_PATHS = "$(inherited) @executable_path/Frameworks";
				PRODUCT_BUNDLE_IDENTIFIER = "cn.ChenJun.CJ-DouYuZhiBo";
				PRODUCT_NAME = "$(TARGET_NAME)";
			};
			name = Release;
		};
/* End XCBuildConfiguration section */

/* Begin XCConfigurationList section */
		CC6C697C1DCC19320040A703 /* Build configuration list for PBXProject "CJ-DouYuZhiBo" */ = {
			isa = XCConfigurationList;
			buildConfigurations = (
				CC6C69961DCC19330040A703 /* Debug */,
				CC6C69971DCC19330040A703 /* Release */,
			);
			defaultConfigurationIsVisible = 0;
			defaultConfigurationName = Release;
		};
		CC6C69981DCC19330040A703 /* Build configuration list for PBXNativeTarget "CJ-DouYuZhiBo" */ = {
			isa = XCConfigurationList;
			buildConfigurations = (
				CC6C69991DCC19330040A703 /* Debug */,
				CC6C699A1DCC19330040A703 /* Release */,
			);
			defaultConfigurationIsVisible = 0;
			defaultConfigurationName = Release;
		};
/* End XCConfigurationList section */
	};
	rootObject = CC6C69791DCC19320040A703 /* Project object */;
}
